
Microsoft Visual Studio Solution File, Format Version 12.00
# Visual Studio Version 17
VisualStudioVersion = 17.5.002.0
MinimumVisualStudioVersion = 10.0.40219.1
Project("{9A19103F-16F7-4668-BE54-9A1E7A4F7556}") = "Library", "Library\Library.csproj", "{043051B5-9A86-4257-A485-6A4707487AC4}"
EndProject
Project("{9A19103F-16F7-4668-BE54-9A1E7A4F7556}") = "Program", "Program\Program.csproj", "{6742B2AF-9933-483E-888F-42D593BCA26F}"
EndProject
Global
	GlobalSection(SolutionConfigurationPlatforms) = preSolution
		Debug|Any CPU = Debug|Any CPU
		Release|Any CPU = Release|Any CPU
	EndGlobalSection
	GlobalSection(ProjectConfigurationPlatforms) = postSolution
		{043051B5-9A86-4257-A485-6A4707487AC4}.Debug|Any CPU.ActiveCfg = Debug|Any CPU
		{043051B5-9A86-4257-A485-6A4707487AC4}.Debug|Any CPU.Build.0 = Debug|Any CPU
		{043051B5-9A86-4257-A485-6A4707487AC4}.Release|Any CPU.ActiveCfg = Release|Any CPU
		{043051B5-9A86-4257-A485-6A4707487AC4}.Release|Any CPU.Build.0 = Release|Any CPU
		{6742B2AF-9933-483E-888F-42D593BCA26F}.Debug|Any CPU.ActiveCfg = Debug|Any CPU
		{6742B2AF-9933-483E-888F-42D593BCA26F}.Debug|Any CPU.Build.0 = Debug|Any CPU
		{6742B2AF-9933-483E-888F-42D593BCA26F}.Release|Any CPU.ActiveCfg = Release|Any CPU
		{6742B2AF-9933-483E-888F-42D593BCA26F}.Release|Any CPU.Build.0 = Release|Any CPU
	EndGlobalSection
	GlobalSection(SolutionProperties) = preSolution
		HideSolutionNode = FALSE
	EndGlobalSection
	GlobalSection(ExtensibilityGlobals) = postSolution
		SolutionGuid = {4E12CD85-2F0E-412F-8EE5-A0D63BDF0E65}
	EndGlobalSection
EndGlobal
